
Microsoft Visual Studio Solution File, Format Version 12.00
# Visual Studio Version 16
VisualStudioVersion = 16.0.30907.101
MinimumVisualStudioVersion = 10.0.40219.1
Project("{FAE04EC0-301F-11D3-BF4B-00C04F79EFBC}") = "Linqq", "Linqq\Linqq.csproj", "{57F8DFD5-ECE7-4DE0-9678-B218B6761883}"
EndProject
Global
	GlobalSection(SolutionConfigurationPlatforms) = preSolution
		Debug|Any CPU = Debug|Any CPU
		Release|Any CPU = Release|Any CPU
	EndGlobalSection
	GlobalSection(ProjectConfigurationPlatforms) = postSolution
		{57F8DFD5-ECE7-4DE0-9678-B218B6761883}.Debug|Any CPU.ActiveCfg = Debug|Any CPU
		{57F8DFD5-ECE7-4DE0-9678-B218B6761883}.Debug|Any CPU.Build.0 = Debug|Any CPU
		{57F8DFD5-ECE7-4DE0-9678-B218B6761883}.Release|Any CPU.ActiveCfg = Release|Any CPU
		{57F8DFD5-ECE7-4DE0-9678-B218B6761883}.Release|Any CPU.Build.0 = Release|Any CPU
	EndGlobalSection
	GlobalSection(SolutionProperties) = preSolution
		HideSolutionNode = FALSE
	EndGlobalSection
	GlobalSection(ExtensibilityGlobals) = postSolution
		SolutionGuid = {D6EEBCDA-E950-4B37-9DB3-BACFD7E2AD61}
	EndGlobalSection
EndGlobal
